
Microsoft Visual Studio Solution File, Format Version 12.00
# Visual Studio 15
VisualStudioVersion = 15.0.28010.2050
MinimumVisualStudioVersion = 10.0.40219.1
Project("{FAE04EC0-301F-11D3-BF4B-00C04F79EFBC}") = "registroVisitantes", "registroVisitantes\registroVisitantes.csproj", "{FE6C1BEA-551A-4D99-BB74-30E70F6A8188}"
EndProject
Global
	GlobalSection(SolutionConfigurationPlatforms) = preSolution
		Debug|Any CPU = Debug|Any CPU
		Release|Any CPU = Release|Any CPU
	EndGlobalSection
	GlobalSection(ProjectConfigurationPlatforms) = postSolution
		{FE6C1BEA-551A-4D99-BB74-30E70F6A8188}.Debug|Any CPU.ActiveCfg = Debug|Any CPU
		{FE6C1BEA-551A-4D99-BB74-30E70F6A8188}.Debug|Any CPU.Build.0 = Debug|Any CPU
		{FE6C1BEA-551A-4D99-BB74-30E70F6A8188}.Release|Any CPU.ActiveCfg = Release|Any CPU
		{FE6C1BEA-551A-4D99-BB74-30E70F6A8188}.Release|Any CPU.Build.0 = Release|Any CPU
	EndGlobalSection
	GlobalSection(SolutionProperties) = preSolution
		HideSolutionNode = FALSE
	EndGlobalSection
	GlobalSection(ExtensibilityGlobals) = postSolution
		SolutionGuid = {903611F8-A85F-427B-B51A-3CDBCD2A58B5}
	EndGlobalSection
EndGlobal
